
Microsoft Visual Studio Solution File, Format Version 12.00
# Visual Studio Version 16
VisualStudioVersion = 16.0.31911.196
MinimumVisualStudioVersion = 10.0.40219.1
Project("{FAE04EC0-301F-11D3-BF4B-00C04F79EFBC}") = "G191210046", "G191210046\G191210046.csproj", "{BAFF0EC2-CA1A-4409-A772-DB32CE137B2E}"
EndProject
Global
	GlobalSection(SolutionConfigurationPlatforms) = preSolution
		Debug|Any CPU = Debug|Any CPU
		Release|Any CPU = Release|Any CPU
	EndGlobalSection
	GlobalSection(ProjectConfigurationPlatforms) = postSolution
		{BAFF0EC2-CA1A-4409-A772-DB32CE137B2E}.Debug|Any CPU.ActiveCfg = Debug|Any CPU
		{BAFF0EC2-CA1A-4409-A772-DB32CE137B2E}.Debug|Any CPU.Build.0 = Debug|Any CPU
		{BAFF0EC2-CA1A-4409-A772-DB32CE137B2E}.Release|Any CPU.ActiveCfg = Release|Any CPU
		{BAFF0EC2-CA1A-4409-A772-DB32CE137B2E}.Release|Any CPU.Build.0 = Release|Any CPU
	EndGlobalSection
	GlobalSection(SolutionProperties) = preSolution
		HideSolutionNode = FALSE
	EndGlobalSection
	GlobalSection(ExtensibilityGlobals) = postSolution
		SolutionGuid = {515BFE89-BCDF-4878-B230-8667049DCF4A}
	EndGlobalSection
EndGlobal
